
Microsoft Visual Studio Solution File, Format Version 12.00
# Visual Studio Version 17
VisualStudioVersion = 17.10.35013.160
MinimumVisualStudioVersion = 10.0.40219.1
Project("{9A19103F-16F7-4668-BE54-9A1E7A4F7556}") = "WebMVCCore", "WebMVCCore\WebMVCCore.csproj", "{05B3D2E2-8921-404E-83F8-C79F54E5C228}"
EndProject
Global
	GlobalSection(SolutionConfigurationPlatforms) = preSolution
		Debug|Any CPU = Debug|Any CPU
		Release|Any CPU = Release|Any CPU
	EndGlobalSection
	GlobalSection(ProjectConfigurationPlatforms) = postSolution
		{05B3D2E2-8921-404E-83F8-C79F54E5C228}.Debug|Any CPU.ActiveCfg = Debug|Any CPU
		{05B3D2E2-8921-404E-83F8-C79F54E5C228}.Debug|Any CPU.Build.0 = Debug|Any CPU
		{05B3D2E2-8921-404E-83F8-C79F54E5C228}.Release|Any CPU.ActiveCfg = Release|Any CPU
		{05B3D2E2-8921-404E-83F8-C79F54E5C228}.Release|Any CPU.Build.0 = Release|Any CPU
	EndGlobalSection
	GlobalSection(SolutionProperties) = preSolution
		HideSolutionNode = FALSE
	EndGlobalSection
	GlobalSection(ExtensibilityGlobals) = postSolution
		SolutionGuid = {D80362E9-7EB7-4A75-AD67-8464807A366F}
	EndGlobalSection
EndGlobal
